// !$*UTF8*$!
{
	archiveVersion = 1;
	classes = {
	};
	objectVersion = 56;
	objects = {

/* Begin PBXBuildFile section */
		AA000001 /* AnimalDotApp.swift in Sources */ = {isa = PBXBuildFile; fileRef = AB000001; };
		AA000002 /* ContentView.swift in Sources */ = {isa = PBXBuildFile; fileRef = AB000002; };
		AA000003 /* MQTTService.swift in Sources */ = {isa = PBXBuildFile; fileRef = AB000003; };
		AA000004 /* BLEService.swift in Sources */ = {isa = PBXBuildFile; fileRef = AB000004; };
		AA000005 /* VitalsTransport.swift in Sources */ = {isa = PBXBuildFile; fileRef = AB000005; };
		AA000006 /* PacketParser.swift in Sources */ = {isa = PBXBuildFile; fileRef = AB000006; };
		AA000007 /* SignalProcessor.swift in Sources */ = {isa = PBXBuildFile; fileRef = AB000007; };
		AA000008 /* VitalsViewModel.swift in Sources */ = {isa = PBXBuildFile; fileRef = AB000008; };
		AA000009 /* LiveMonitorView.swift in Sources */ = {isa = PBXBuildFile; fileRef = AB000009; };
		AA00000A /* DeviceSetupView.swift in Sources */ = {isa = PBXBuildFile; fileRef = AB00000A; };
		AA00000B /* HistoryView.swift in Sources */ = {isa = PBXBuildFile; fileRef = AB00000B; };
		AA00000C /* SettingsView.swift in Sources */ = {isa = PBXBuildFile; fileRef = AB00000C; };
		AA00000D /* VitalsData.swift in Sources */ = {isa = PBXBuildFile; fileRef = AB00000D; };
		AA00000E /* Assets.xcassets in Resources */ = {isa = PBXBuildFile; fileRef = AB00000E; };
		AA00000F /* Theme.swift in Sources */ = {isa = PBXBuildFile; fileRef = AB000011; };
		AA000010 /* SplashView.swift in Sources */ = {isa = PBXBuildFile; fileRef = AB000012; };
		AA000011 /* AuthView.swift in Sources */ = {isa = PBXBuildFile; fileRef = AB000013; };
		AA000012 /* DevicePairingView.swift in Sources */ = {isa = PBXBuildFile; fileRef = AB000014; };
		AA000013 /* PetProfileSetupView.swift in Sources */ = {isa = PBXBuildFile; fileRef = AB000015; };
		AA000014 /* CloudService.swift in Sources */ = {isa = PBXBuildFile; fileRef = AB000016; };
/* End PBXBuildFile section */

/* Begin PBXFileReference section */
		AB000001 /* AnimalDotApp.swift */ = {isa = PBXFileReference; lastKnownFileType = sourcecode.swift; path = AnimalDotApp.swift; sourceTree = "<group>"; };
		AB000002 /* ContentView.swift */ = {isa = PBXFileReference; lastKnownFileType = sourcecode.swift; path = ContentView.swift; sourceTree = "<group>"; };
		AB000003 /* MQTTService.swift */ = {isa = PBXFileReference; lastKnownFileType = sourcecode.swift; path = MQTTService.swift; sourceTree = "<group>"; };
		AB000004 /* BLEService.swift */ = {isa = PBXFileReference; lastKnownFileType = sourcecode.swift; path = BLEService.swift; sourceTree = "<group>"; };
		AB000005 /* VitalsTransport.swift */ = {isa = PBXFileReference; lastKnownFileType = sourcecode.swift; path = VitalsTransport.swift; sourceTree = "<group>"; };
		AB000006 /* PacketParser.swift */ = {isa = PBXFileReference; lastKnownFileType = sourcecode.swift; path = PacketParser.swift; sourceTree = "<group>"; };
		AB000007 /* SignalProcessor.swift */ = {isa = PBXFileReference; lastKnownFileType = sourcecode.swift; path = SignalProcessor.swift; sourceTree = "<group>"; };
		AB000008 /* VitalsViewModel.swift */ = {isa = PBXFileReference; lastKnownFileType = sourcecode.swift; path = VitalsViewModel.swift; sourceTree = "<group>"; };
		AB000009 /* LiveMonitorView.swift */ = {isa = PBXFileReference; lastKnownFileType = sourcecode.swift; path = LiveMonitorView.swift; sourceTree = "<group>"; };
		AB00000A /* DeviceSetupView.swift */ = {isa = PBXFileReference; lastKnownFileType = sourcecode.swift; path = DeviceSetupView.swift; sourceTree = "<group>"; };
		AB00000B /* HistoryView.swift */ = {isa = PBXFileReference; lastKnownFileType = sourcecode.swift; path = HistoryView.swift; sourceTree = "<group>"; };
		AB00000C /* SettingsView.swift */ = {isa = PBXFileReference; lastKnownFileType = sourcecode.swift; path = SettingsView.swift; sourceTree = "<group>"; };
		AB00000D /* VitalsData.swift */ = {isa = PBXFileReference; lastKnownFileType = sourcecode.swift; path = VitalsData.swift; sourceTree = "<group>"; };
		AB00000E /* Assets.xcassets */ = {isa = PBXFileReference; lastKnownFileType = folder.assetcatalog; path = Assets.xcassets; sourceTree = "<group>"; };
		AB00000F /* Info.plist */ = {isa = PBXFileReference; lastKnownFileType = text.plist.xml; path = Info.plist; sourceTree = "<group>"; };
		AB000010 /* AnimalDot.app */ = {isa = PBXFileReference; explicitFileType = wrapper.application; includeInIndex = 0; path = AnimalDot.app; sourceTree = BUILT_PRODUCTS_DIR; };
		AB000011 /* Theme.swift */ = {isa = PBXFileReference; lastKnownFileType = sourcecode.swift; path = Theme.swift; sourceTree = "<group>"; };
		AB000012 /* SplashView.swift */ = {isa = PBXFileReference; lastKnownFileType = sourcecode.swift; path = SplashView.swift; sourceTree = "<group>"; };
		AB000013 /* AuthView.swift */ = {isa = PBXFileReference; lastKnownFileType = sourcecode.swift; path = AuthView.swift; sourceTree = "<group>"; };
		AB000014 /* DevicePairingView.swift */ = {isa = PBXFileReference; lastKnownFileType = sourcecode.swift; path = DevicePairingView.swift; sourceTree = "<group>"; };
		AB000015 /* PetProfileSetupView.swift */ = {isa = PBXFileReference; lastKnownFileType = sourcecode.swift; path = PetProfileSetupView.swift; sourceTree = "<group>"; };
		AB000016 /* CloudService.swift */ = {isa = PBXFileReference; lastKnownFileType = sourcecode.swift; path = CloudService.swift; sourceTree = "<group>"; };
/* End PBXFileReference section */

/* Begin PBXFrameworksBuildPhase section */
		AC000001 /* Frameworks */ = {
			isa = PBXFrameworksBuildPhase;
			buildActionMask = 2147483647;
			files = (
			);
			runOnlyForDeploymentPostprocessing = 0;
		};
/* End PBXFrameworksBuildPhase section */

/* Begin PBXGroup section */
		AD000001 /* Root */ = {
			isa = PBXGroup;
			children = (
				AD000002 /* AnimalDot */,
				AD000009 /* Products */,
			);
			sourceTree = "<group>";
		};
		AD000002 /* AnimalDot */ = {
			isa = PBXGroup;
			children = (
				AB000001 /* AnimalDotApp.swift */,
				AB000002 /* ContentView.swift */,
				AB000011 /* Theme.swift */,
				AB00000F /* Info.plist */,
				AB00000E /* Assets.xcassets */,
				AD000003 /* Services */,
				AD000004 /* Processing */,
				AD000005 /* ViewModels */,
				AD000006 /* Views */,
				AD000007 /* Models */,
			);
			path = AnimalDot;
			sourceTree = "<group>";
		};
		AD000003 /* Services */ = {
			isa = PBXGroup;
			children = (
				AB000003 /* MQTTService.swift */,
				AB000004 /* BLEService.swift */,
				AB000005 /* VitalsTransport.swift */,
				AB000016 /* CloudService.swift */,
			);
			path = Services;
			sourceTree = "<group>";
		};
		AD000004 /* Processing */ = {
			isa = PBXGroup;
			children = (
				AB000006 /* PacketParser.swift */,
				AB000007 /* SignalProcessor.swift */,
			);
			path = Processing;
			sourceTree = "<group>";
		};
		AD000005 /* ViewModels */ = {
			isa = PBXGroup;
			children = (
				AB000008 /* VitalsViewModel.swift */,
			);
			path = ViewModels;
			sourceTree = "<group>";
		};
		AD000006 /* Views */ = {
			isa = PBXGroup;
			children = (
				AB000009 /* LiveMonitorView.swift */,
				AB00000A /* DeviceSetupView.swift */,
				AB00000B /* HistoryView.swift */,
				AB00000C /* SettingsView.swift */,
				AB000012 /* SplashView.swift */,
				AB000013 /* AuthView.swift */,
				AB000014 /* DevicePairingView.swift */,
				AB000015 /* PetProfileSetupView.swift */,
			);
			path = Views;
			sourceTree = "<group>";
		};
		AD000007 /* Models */ = {
			isa = PBXGroup;
			children = (
				AB00000D /* VitalsData.swift */,
			);
			path = Models;
			sourceTree = "<group>";
		};
		AD000009 /* Products */ = {
			isa = PBXGroup;
			children = (
				AB000010 /* AnimalDot.app */,
			);
			name = Products;
			sourceTree = "<group>";
		};
/* End PBXGroup section */

/* Begin PBXNativeTarget section */
		AE000001 /* AnimalDot */ = {
			isa = PBXNativeTarget;
			buildConfigurationList = AF000003 /* Build configuration list for PBXNativeTarget "AnimalDot" */;
			buildPhases = (
				AE000002 /* Sources */,
				AC000001 /* Frameworks */,
				AE000003 /* Resources */,
			);
			buildRules = (
			);
			dependencies = (
			);
			name = AnimalDot;
			packageProductDependencies = (
				AE000010 /* CocoaMQTT */,
			);
			productName = AnimalDot;
			productReference = AB000010 /* AnimalDot.app */;
			productType = "com.apple.product-type.application";
		};
/* End PBXNativeTarget section */

/* Begin PBXProject section */
		AF000001 /* Project object */ = {
			isa = PBXProject;
			attributes = {
				BuildIndependentTargetsInParallel = 1;
				LastSwiftUpdateCheck = 1500;
				LastUpgradeCheck = 1500;
				TargetAttributes = {
					AE000001 = {
						CreatedOnToolsVersion = 15.0;
					};
				};
			};
			buildConfigurationList = AF000002 /* Build configuration list for PBXProject "AnimalDot" */;
			compatibilityVersion = "Xcode 14.0";
			developmentRegion = en;
			hasScannedForEncodings = 0;
			knownRegions = (
				en,
				Base,
			);
			mainGroup = AD000001;
			packageReferences = (
				AE00000F /* XCRemoteSwiftPackageReference "CocoaMQTT" */,
			);
			productRefGroup = AD000009 /* Products */;
			projectDirPath = "";
			projectRoot = "";
			targets = (
				AE000001 /* AnimalDot */,
			);
		};
/* End PBXProject section */

/* Begin PBXResourcesBuildPhase section */
		AE000003 /* Resources */ = {
			isa = PBXResourcesBuildPhase;
			buildActionMask = 2147483647;
			files = (
				AA00000E /* Assets.xcassets in Resources */,
			);
			runOnlyForDeploymentPostprocessing = 0;
		};
/* End PBXResourcesBuildPhase section */

/* Begin PBXSourcesBuildPhase section */
		AE000002 /* Sources */ = {
			isa = PBXSourcesBuildPhase;
			buildActionMask = 2147483647;
			files = (
				AA000001 /* AnimalDotApp.swift in Sources */,
				AA000002 /* ContentView.swift in Sources */,
				AA000003 /* MQTTService.swift in Sources */,
				AA000004 /* BLEService.swift in Sources */,
				AA000005 /* VitalsTransport.swift in Sources */,
				AA000006 /* PacketParser.swift in Sources */,
				AA000007 /* SignalProcessor.swift in Sources */,
				AA000008 /* VitalsViewModel.swift in Sources */,
				AA000009 /* LiveMonitorView.swift in Sources */,
				AA00000A /* DeviceSetupView.swift in Sources */,
				AA00000B /* HistoryView.swift in Sources */,
				AA00000C /* SettingsView.swift in Sources */,
				AA00000D /* VitalsData.swift in Sources */,
				AA00000F /* Theme.swift in Sources */,
				AA000010 /* SplashView.swift in Sources */,
				AA000011 /* AuthView.swift in Sources */,
				AA000012 /* DevicePairingView.swift in Sources */,
				AA000013 /* PetProfileSetupView.swift in Sources */,
				AA000014 /* CloudService.swift in Sources */,
			);
			runOnlyForDeploymentPostprocessing = 0;
		};
/* End PBXSourcesBuildPhase section */

/* Begin XCBuildConfiguration section */
		B0000001 /* Debug */ = {
			isa = XCBuildConfiguration;
			buildSettings = {
				ALWAYS_SEARCH_USER_PATHS = NO;
				ASSETCATALOG_COMPILER_GENERATE_SWIFT_ASSET_SYMBOL_EXTENSIONS = YES;
				CLANG_ANALYZER_NONNULL = YES;
				CLANG_CXX_LANGUAGE_STANDARD = "gnu++20";
				CLANG_ENABLE_MODULES = YES;
				CLANG_ENABLE_OBJC_ARC = YES;
				COPY_PHASE_STRIP = NO;
				DEBUG_INFORMATION_FORMAT = dwarf;
				ENABLE_STRICT_OBJC_MSGSEND = YES;
				ENABLE_TESTABILITY = YES;
				GCC_DYNAMIC_NO_PIC = NO;
				GCC_OPTIMIZATION_LEVEL = 0;
				GCC_PREPROCESSOR_DEFINITIONS = (
					"DEBUG=1",
					"$(inherited)",
				);
				GCC_WARN_64_TO_32_BIT_CONVERSION = YES;
				GCC_WARN_ABOUT_RETURN_TYPE = YES_ERROR;
				GCC_WARN_UNINITIALIZED_AUTOS = YES_AGGRESSIVE;
				GCC_WARN_UNUSED_FUNCTION = YES;
				GCC_WARN_UNUSED_VARIABLE = YES;
				IPHONEOS_DEPLOYMENT_TARGET = 16.0;
				MTL_ENABLE_DEBUG_INFO = INCLUDE_SOURCE;
				MTL_FAST_MATH = YES;
				ONLY_ACTIVE_ARCH = YES;
				SDKROOT = iphoneos;
				SWIFT_ACTIVE_COMPILATION_CONDITIONS = "$(inherited) DEBUG";
				SWIFT_OPTIMIZATION_LEVEL = "-Onone";
			};
			name = Debug;
		};
		B0000002 /* Release */ = {
			isa = XCBuildConfiguration;
			buildSettings = {
				ALWAYS_SEARCH_USER_PATHS = NO;
				ASSETCATALOG_COMPILER_GENERATE_SWIFT_ASSET_SYMBOL_EXTENSIONS = YES;
				CLANG_ANALYZER_NONNULL = YES;
				CLANG_CXX_LANGUAGE_STANDARD = "gnu++20";
				CLANG_ENABLE_MODULES = YES;
				CLANG_ENABLE_OBJC_ARC = YES;
				COPY_PHASE_STRIP = NO;
				DEBUG_INFORMATION_FORMAT = "dwarf-with-dsym";
				ENABLE_NS_ASSERTIONS = NO;
				ENABLE_STRICT_OBJC_MSGSEND = YES;
				GCC_WARN_64_TO_32_BIT_CONVERSION = YES;
				GCC_WARN_ABOUT_RETURN_TYPE = YES_ERROR;
				GCC_WARN_UNINITIALIZED_AUTOS = YES_AGGRESSIVE;
				GCC_WARN_UNUSED_FUNCTION = YES;
				GCC_WARN_UNUSED_VARIABLE = YES;
				IPHONEOS_DEPLOYMENT_TARGET = 16.0;
				MTL_FAST_MATH = YES;
				SDKROOT = iphoneos;
				SWIFT_COMPILATION_MODE = wholemodule;
				VALIDATE_PRODUCT = YES;
			};
			name = Release;
		};
		B0000003 /* Debug */ = {
			isa = XCBuildConfiguration;
			buildSettings = {
				ASSETCATALOG_COMPILER_APPICON_NAME = AppIcon;
				CODE_SIGN_STYLE = Automatic;
				CURRENT_PROJECT_VERSION = 1;
				DEVELOPMENT_TEAM = "";
				GENERATE_INFOPLIST_FILE = NO;
				INFOPLIST_FILE = AnimalDot/Info.plist;
				INFOPLIST_KEY_CFBundleDisplayName = AnimalDot;
				INFOPLIST_KEY_UIApplicationSceneManifest_Generation = YES;
				INFOPLIST_KEY_UIApplicationSupportsIndirectInputEvents = YES;
				INFOPLIST_KEY_UISupportedInterfaceOrientations = UIInterfaceOrientationPortrait;
				LD_RUNPATH_SEARCH_PATHS = (
					"$(inherited)",
					"@executable_path/Frameworks",
				);
				MARKETING_VERSION = 1.0.0;
				PRODUCT_BUNDLE_IDENTIFIER = com.animaldot.app;
				PRODUCT_NAME = "$(TARGET_NAME)";
				SWIFT_EMIT_LOC_STRINGS = YES;
				SWIFT_VERSION = 5.0;
				TARGETED_DEVICE_FAMILY = 1;
			};
			name = Debug;
		};
		B0000004 /* Release */ = {
			isa = XCBuildConfiguration;
			buildSettings = {
				ASSETCATALOG_COMPILER_APPICON_NAME = AppIcon;
				CODE_SIGN_STYLE = Automatic;
				CURRENT_PROJECT_VERSION = 1;
				DEVELOPMENT_TEAM = "";
				GENERATE_INFOPLIST_FILE = NO;
				INFOPLIST_FILE = AnimalDot/Info.plist;
				INFOPLIST_KEY_CFBundleDisplayName = AnimalDot;
				INFOPLIST_KEY_UIApplicationSceneManifest_Generation = YES;
				INFOPLIST_KEY_UIApplicationSupportsIndirectInputEvents = YES;
				INFOPLIST_KEY_UISupportedInterfaceOrientations = UIInterfaceOrientationPortrait;
				LD_RUNPATH_SEARCH_PATHS = (
					"$(inherited)",
					"@executable_path/Frameworks",
				);
				MARKETING_VERSION = 1.0.0;
				PRODUCT_BUNDLE_IDENTIFIER = com.animaldot.app;
				PRODUCT_NAME = "$(TARGET_NAME)";
				SWIFT_EMIT_LOC_STRINGS = YES;
				SWIFT_VERSION = 5.0;
				TARGETED_DEVICE_FAMILY = 1;
			};
			name = Release;
		};
/* End XCBuildConfiguration section */

/* Begin XCConfigurationList section */
		AF000002 /* Build configuration list for PBXProject "AnimalDot" */ = {
			isa = XCConfigurationList;
			buildConfigurations = (
				B0000001 /* Debug */,
				B0000002 /* Release */,
			);
			defaultConfigurationIsVisible = 0;
			defaultConfigurationName = Release;
		};
		AF000003 /* Build configuration list for PBXNativeTarget "AnimalDot" */ = {
			isa = XCConfigurationList;
			buildConfigurations = (
				B0000003 /* Debug */,
				B0000004 /* Release */,
			);
			defaultConfigurationIsVisible = 0;
			defaultConfigurationName = Release;
		};
/* End XCConfigurationList section */

/* Begin XCRemoteSwiftPackageReference section */
		AE00000F /* XCRemoteSwiftPackageReference "CocoaMQTT" */ = {
			isa = XCRemoteSwiftPackageReference;
			repositoryURL = "https://github.com/emqx/CocoaMQTT";
			requirement = {
				kind = upToNextMajorVersion;
				minimumVersion = 2.1.6;
			};
		};
/* End XCRemoteSwiftPackageReference section */

/* Begin XCSwiftPackageProductDependency section */
		AE000010 /* CocoaMQTT */ = {
			isa = XCSwiftPackageProductDependency;
			package = AE00000F /* XCRemoteSwiftPackageReference "CocoaMQTT" */;
			productName = CocoaMQTT;
		};
/* End XCSwiftPackageProductDependency section */

	};
	rootObject = AF000001 /* Project object */;
}
